// !$*UTF8*$!
{
	archiveVersion = 1;
	classes = {
	};
	objectVersion = 51;
	objects = {

/* Begin PBXBuildFile section */
		05B6E6D9CB146208375BA515 /* Pods_DinDinnTests.framework in Frameworks */ = {isa = PBXBuildFile; fileRef = B9407D5660669EC64B32DCFD /* Pods_DinDinnTests.framework */; };
		1143E432DC4D315147E229A2 /* Pods_DinDinn_DinDinnUITests.framework in Frameworks */ = {isa = PBXBuildFile; fileRef = 72EFE8D9CBF232F47ECFEAA0 /* Pods_DinDinn_DinDinnUITests.framework */; };
		3C3453332621D7AD00B8176F /* Alamofire.framework in Frameworks */ = {isa = PBXBuildFile; fileRef = 3C3453322621D7AD00B8176F /* Alamofire.framework */; };
		3CBB983A2620A2C800E83472 /* AppDelegate.swift in Sources */ = {isa = PBXBuildFile; fileRef = 3CBB98392620A2C800E83472 /* AppDelegate.swift */; };
		3CBB983C2620A2C800E83472 /* SceneDelegate.swift in Sources */ = {isa = PBXBuildFile; fileRef = 3CBB983B2620A2C800E83472 /* SceneDelegate.swift */; };
		3CBB983E2620A2C800E83472 /* HomeScreenViewController.swift in Sources */ = {isa = PBXBuildFile; fileRef = 3CBB983D2620A2C800E83472 /* HomeScreenViewController.swift */; };
		3CBB98412620A2C800E83472 /* Main.storyboard in Resources */ = {isa = PBXBuildFile; fileRef = 3CBB983F2620A2C800E83472 /* Main.storyboard */; };
		3CBB98462620A2C900E83472 /* LaunchScreen.storyboard in Resources */ = {isa = PBXBuildFile; fileRef = 3CBB98442620A2C900E83472 /* LaunchScreen.storyboard */; };
		3CBB98512620A2C900E83472 /* DinDinnTests.swift in Sources */ = {isa = PBXBuildFile; fileRef = 3CBB98502620A2C900E83472 /* DinDinnTests.swift */; };
		3CBB985C2620A2C900E83472 /* DinDinnUITests.swift in Sources */ = {isa = PBXBuildFile; fileRef = 3CBB985B2620A2C900E83472 /* DinDinnUITests.swift */; };
		3CBB98CE2620A46200E83472 /* DinDinnResources.framework in Copy subprojects */ = {isa = PBXBuildFile; fileRef = 3CBB98CC2620A43800E83472 /* DinDinnResources.framework */; settings = {ATTRIBUTES = (CodeSignOnCopy, RemoveHeadersOnCopy, ); }; };
		3CBB990A2620A73D00E83472 /* DinDinnCore.framework in Copy subprojects */ = {isa = PBXBuildFile; fileRef = 3CBB99092620A73000E83472 /* DinDinnCore.framework */; settings = {ATTRIBUTES = (CodeSignOnCopy, RemoveHeadersOnCopy, ); }; };
		3CBB9A712620E0C100E83472 /* Assets.xcassets in Resources */ = {isa = PBXBuildFile; fileRef = 3CBB9A702620E0C100E83472 /* Assets.xcassets */; };
		3CBB9B3C2621AD0E00E83472 /* AllDishesUseCase.swift in Sources */ = {isa = PBXBuildFile; fileRef = 3CBB9B3B2621AD0E00E83472 /* AllDishesUseCase.swift */; };
		3CBB9B422621AD3300E83472 /* SlidersOffersUsecase.swift in Sources */ = {isa = PBXBuildFile; fileRef = 3CBB9B412621AD3300E83472 /* SlidersOffersUsecase.swift */; };
		3CBB9B472621BB0D00E83472 /* AddToCartUsecase.swift in Sources */ = {isa = PBXBuildFile; fileRef = 3CBB9B462621BB0D00E83472 /* AddToCartUsecase.swift */; };
		3CBB9B4D2621BB3000E83472 /* RemoveFromCartUsecase.swift in Sources */ = {isa = PBXBuildFile; fileRef = 3CBB9B4C2621BB3000E83472 /* RemoveFromCartUsecase.swift */; };
		3CBB9B512621BB8700E83472 /* SubscribeToCartUsecase.swift in Sources */ = {isa = PBXBuildFile; fileRef = 3CBB9B502621BB8700E83472 /* SubscribeToCartUsecase.swift */; };
		3CBB9B5C2621BD1900E83472 /* CartContract.swift in Sources */ = {isa = PBXBuildFile; fileRef = 3CBB9B552621BD1900E83472 /* CartContract.swift */; };
		3CBB9B5D2621BD1900E83472 /* CartPresenter.swift in Sources */ = {isa = PBXBuildFile; fileRef = 3CBB9B562621BD1900E83472 /* CartPresenter.swift */; };
		3CBB9B5E2621BD1900E83472 /* CartViewController.storyboard in Resources */ = {isa = PBXBuildFile; fileRef = 3CBB9B572621BD1900E83472 /* CartViewController.storyboard */; };
		3CBB9B5F2621BD1900E83472 /* CartModels.swift in Sources */ = {isa = PBXBuildFile; fileRef = 3CBB9B582621BD1900E83472 /* CartModels.swift */; };
		3CBB9B602621BD1900E83472 /* CartViewController.swift in Sources */ = {isa = PBXBuildFile; fileRef = 3CBB9B592621BD1900E83472 /* CartViewController.swift */; };
		3CBB9B612621BD1900E83472 /* CartInteractor.swift in Sources */ = {isa = PBXBuildFile; fileRef = 3CBB9B5A2621BD1900E83472 /* CartInteractor.swift */; };
		3CBB9B622621BD1900E83472 /* CartWireframe.swift in Sources */ = {isa = PBXBuildFile; fileRef = 3CBB9B5B2621BD1900E83472 /* CartWireframe.swift */; };
		6BE8E4E46B8267E1DA83D216 /* Pods_DinDinn.framework in Frameworks */ = {isa = PBXBuildFile; fileRef = 2E3ED59143C6A7B006AC211C /* Pods_DinDinn.framework */; };
/* End PBXBuildFile section */

/* Begin PBXContainerItemProxy section */
		3CBB984D2620A2C900E83472 /* PBXContainerItemProxy */ = {
			isa = PBXContainerItemProxy;
			containerPortal = 3CBB982E2620A2C800E83472 /* Project object */;
			proxyType = 1;
			remoteGlobalIDString = 3CBB98352620A2C800E83472;
			remoteInfo = DinDinn;
		};
		3CBB98582620A2C900E83472 /* PBXContainerItemProxy */ = {
			isa = PBXContainerItemProxy;
			containerPortal = 3CBB982E2620A2C800E83472 /* Project object */;
			proxyType = 1;
			remoteGlobalIDString = 3CBB98352620A2C800E83472;
			remoteInfo = DinDinn;
		};
		3CBB98CB2620A43800E83472 /* PBXContainerItemProxy */ = {
			isa = PBXContainerItemProxy;
			containerPortal = 3CBB98C72620A43800E83472 /* DinDinnResources.xcodeproj */;
			proxyType = 2;
			remoteGlobalIDString = 3CBB98B42620A37700E83472;
			remoteInfo = DinDinnResources;
		};
		3CBB99082620A73000E83472 /* PBXContainerItemProxy */ = {
			isa = PBXContainerItemProxy;
			containerPortal = 3CBB99042620A73000E83472 /* DinDinnCore.xcodeproj */;
			proxyType = 2;
			remoteGlobalIDString = 3CBB98DA2620A6A100E83472;
			remoteInfo = DinDinnCore;
		};
/* End PBXContainerItemProxy section */

/* Begin PBXCopyFilesBuildPhase section */
		3CBB98CD2620A44C00E83472 /* Copy subprojects */ = {
			isa = PBXCopyFilesBuildPhase;
			buildActionMask = 2147483647;
			dstPath = "";
			dstSubfolderSpec = 10;
			files = (
				3CBB98CE2620A46200E83472 /* DinDinnResources.framework in Copy subprojects */,
				3CBB990A2620A73D00E83472 /* DinDinnCore.framework in Copy subprojects */,
			);
			name = "Copy subprojects";
			runOnlyForDeploymentPostprocessing = 0;
		};
/* End PBXCopyFilesBuildPhase section */

/* Begin PBXFileReference section */
		0C4E1D0003914261D38627A4 /* Pods-DinDinn-DinDinnUITests.debug.xcconfig */ = {isa = PBXFileReference; includeInIndex = 1; lastKnownFileType = text.xcconfig; name = "Pods-DinDinn-DinDinnUITests.debug.xcconfig"; path = "Target Support Files/Pods-DinDinn-DinDinnUITests/Pods-DinDinn-DinDinnUITests.debug.xcconfig"; sourceTree = "<group>"; };
		2E3ED59143C6A7B006AC211C /* Pods_DinDinn.framework */ = {isa = PBXFileReference; explicitFileType = wrapper.framework; includeInIndex = 0; path = Pods_DinDinn.framework; sourceTree = BUILT_PRODUCTS_DIR; };
		3C3453322621D7AD00B8176F /* Alamofire.framework */ = {isa = PBXFileReference; explicitFileType = wrapper.framework; path = Alamofire.framework; sourceTree = BUILT_PRODUCTS_DIR; };
		3C3453362621D7D400B8176F /* libMoya.a */ = {isa = PBXFileReference; explicitFileType = archive.ar; path = libMoya.a; sourceTree = BUILT_PRODUCTS_DIR; };
		3CBB98362620A2C800E83472 /* DinDinn.app */ = {isa = PBXFileReference; explicitFileType = wrapper.application; includeInIndex = 0; path = DinDinn.app; sourceTree = BUILT_PRODUCTS_DIR; };
		3CBB98392620A2C800E83472 /* AppDelegate.swift */ = {isa = PBXFileReference; lastKnownFileType = sourcecode.swift; path = AppDelegate.swift; sourceTree = "<group>"; };
		3CBB983B2620A2C800E83472 /* SceneDelegate.swift */ = {isa = PBXFileReference; lastKnownFileType = sourcecode.swift; path = SceneDelegate.swift; sourceTree = "<group>"; };
		3CBB983D2620A2C800E83472 /* HomeScreenViewController.swift */ = {isa = PBXFileReference; lastKnownFileType = sourcecode.swift; path = HomeScreenViewController.swift; sourceTree = "<group>"; };
		3CBB98402620A2C800E83472 /* Base */ = {isa = PBXFileReference; lastKnownFileType = file.storyboard; name = Base; path = Base.lproj/Main.storyboard; sourceTree = "<group>"; };
		3CBB98452620A2C900E83472 /* Base */ = {isa = PBXFileReference; lastKnownFileType = file.storyboard; name = Base; path = Base.lproj/LaunchScreen.storyboard; sourceTree = "<group>"; };
		3CBB98472620A2C900E83472 /* Info.plist */ = {isa = PBXFileReference; lastKnownFileType = text.plist.xml; path = Info.plist; sourceTree = "<group>"; };
		3CBB984C2620A2C900E83472 /* DinDinnTests.xctest */ = {isa = PBXFileReference; explicitFileType = wrapper.cfbundle; includeInIndex = 0; path = DinDinnTests.xctest; sourceTree = BUILT_PRODUCTS_DIR; };
		3CBB98502620A2C900E83472 /* DinDinnTests.swift */ = {isa = PBXFileReference; lastKnownFileType = sourcecode.swift; path = DinDinnTests.swift; sourceTree = "<group>"; };
		3CBB98522620A2C900E83472 /* Info.plist */ = {isa = PBXFileReference; lastKnownFileType = text.plist.xml; path = Info.plist; sourceTree = "<group>"; };
		3CBB98572620A2C900E83472 /* DinDinnUITests.xctest */ = {isa = PBXFileReference; explicitFileType = wrapper.cfbundle; includeInIndex = 0; path = DinDinnUITests.xctest; sourceTree = BUILT_PRODUCTS_DIR; };
		3CBB985B2620A2C900E83472 /* DinDinnUITests.swift */ = {isa = PBXFileReference; lastKnownFileType = sourcecode.swift; path = DinDinnUITests.swift; sourceTree = "<group>"; };
		3CBB985D2620A2C900E83472 /* Info.plist */ = {isa = PBXFileReference; lastKnownFileType = text.plist.xml; path = Info.plist; sourceTree = "<group>"; };
		3CBB98C72620A43800E83472 /* DinDinnResources.xcodeproj */ = {isa = PBXFileReference; lastKnownFileType = "wrapper.pb-project"; name = DinDinnResources.xcodeproj; path = SubProjects/DinDinnResources/DinDinnResources.xcodeproj; sourceTree = "<group>"; };
		3CBB99042620A73000E83472 /* DinDinnCore.xcodeproj */ = {isa = PBXFileReference; lastKnownFileType = "wrapper.pb-project"; name = DinDinnCore.xcodeproj; path = SubProjects/DinDinnCore/DinDinnCore.xcodeproj; sourceTree = "<group>"; };
		3CBB9A702620E0C100E83472 /* Assets.xcassets */ = {isa = PBXFileReference; lastKnownFileType = folder.assetcatalog; path = Assets.xcassets; sourceTree = "<group>"; };
		3CBB9B3B2621AD0E00E83472 /* AllDishesUseCase.swift */ = {isa = PBXFileReference; lastKnownFileType = sourcecode.swift; path = AllDishesUseCase.swift; sourceTree = "<group>"; };
		3CBB9B412621AD3300E83472 /* SlidersOffersUsecase.swift */ = {isa = PBXFileReference; lastKnownFileType = sourcecode.swift; path = SlidersOffersUsecase.swift; sourceTree = "<group>"; };
		3CBB9B462621BB0D00E83472 /* AddToCartUsecase.swift */ = {isa = PBXFileReference; lastKnownFileType = sourcecode.swift; path = AddToCartUsecase.swift; sourceTree = "<group>"; };
		3CBB9B4C2621BB3000E83472 /* RemoveFromCartUsecase.swift */ = {isa = PBXFileReference; lastKnownFileType = sourcecode.swift; path = RemoveFromCartUsecase.swift; sourceTree = "<group>"; };
		3CBB9B502621BB8700E83472 /* SubscribeToCartUsecase.swift */ = {isa = PBXFileReference; lastKnownFileType = sourcecode.swift; path = SubscribeToCartUsecase.swift; sourceTree = "<group>"; };
		3CBB9B552621BD1900E83472 /* CartContract.swift */ = {isa = PBXFileReference; lastKnownFileType = sourcecode.swift; path = CartContract.swift; sourceTree = "<group>"; };
		3CBB9B562621BD1900E83472 /* CartPresenter.swift */ = {isa = PBXFileReference; lastKnownFileType = sourcecode.swift; path = CartPresenter.swift; sourceTree = "<group>"; };
		3CBB9B572621BD1900E83472 /* CartViewController.storyboard */ = {isa = PBXFileReference; lastKnownFileType = file.storyboard; path = CartViewController.storyboard; sourceTree = "<group>"; };
		3CBB9B582621BD1900E83472 /* CartModels.swift */ = {isa = PBXFileReference; lastKnownFileType = sourcecode.swift; path = CartModels.swift; sourceTree = "<group>"; };
		3CBB9B592621BD1900E83472 /* CartViewController.swift */ = {isa = PBXFileReference; lastKnownFileType = sourcecode.swift; path = CartViewController.swift; sourceTree = "<group>"; };
		3CBB9B5A2621BD1900E83472 /* CartInteractor.swift */ = {isa = PBXFileReference; lastKnownFileType = sourcecode.swift; path = CartInteractor.swift; sourceTree = "<group>"; };
		3CBB9B5B2621BD1900E83472 /* CartWireframe.swift */ = {isa = PBXFileReference; lastKnownFileType = sourcecode.swift; path = CartWireframe.swift; sourceTree = "<group>"; };
		3DFCF4C843F74321F21B2B79 /* Pods-DinDinn-DinDinnUITests.release.xcconfig */ = {isa = PBXFileReference; includeInIndex = 1; lastKnownFileType = text.xcconfig; name = "Pods-DinDinn-DinDinnUITests.release.xcconfig"; path = "Target Support Files/Pods-DinDinn-DinDinnUITests/Pods-DinDinn-DinDinnUITests.release.xcconfig"; sourceTree = "<group>"; };
		4E9F2FEA27E7788E1851E520 /* Pods-DinDinnTests.release.xcconfig */ = {isa = PBXFileReference; includeInIndex = 1; lastKnownFileType = text.xcconfig; name = "Pods-DinDinnTests.release.xcconfig"; path = "Target Support Files/Pods-DinDinnTests/Pods-DinDinnTests.release.xcconfig"; sourceTree = "<group>"; };
		72EFE8D9CBF232F47ECFEAA0 /* Pods_DinDinn_DinDinnUITests.framework */ = {isa = PBXFileReference; explicitFileType = wrapper.framework; includeInIndex = 0; path = Pods_DinDinn_DinDinnUITests.framework; sourceTree = BUILT_PRODUCTS_DIR; };
		953FFF65658B1E8BE5C0500D /* Pods-DinDinnTests.debug.xcconfig */ = {isa = PBXFileReference; includeInIndex = 1; lastKnownFileType = text.xcconfig; name = "Pods-DinDinnTests.debug.xcconfig"; path = "Target Support Files/Pods-DinDinnTests/Pods-DinDinnTests.debug.xcconfig"; sourceTree = "<group>"; };
		B9407D5660669EC64B32DCFD /* Pods_DinDinnTests.framework */ = {isa = PBXFileReference; explicitFileType = wrapper.framework; includeInIndex = 0; path = Pods_DinDinnTests.framework; sourceTree = BUILT_PRODUCTS_DIR; };
		EBD5BD248BA815C17C5F37C7 /* Pods-DinDinn.debug.xcconfig */ = {isa = PBXFileReference; includeInIndex = 1; lastKnownFileType = text.xcconfig; name = "Pods-DinDinn.debug.xcconfig"; path = "Target Support Files/Pods-DinDinn/Pods-DinDinn.debug.xcconfig"; sourceTree = "<group>"; };
		F0763F44FE04902EB4C3330D /* Pods-DinDinn.release.xcconfig */ = {isa = PBXFileReference; includeInIndex = 1; lastKnownFileType = text.xcconfig; name = "Pods-DinDinn.release.xcconfig"; path = "Target Support Files/Pods-DinDinn/Pods-DinDinn.release.xcconfig"; sourceTree = "<group>"; };
/* End PBXFileReference section */

/* Begin PBXFrameworksBuildPhase section */
		3CBB98332620A2C800E83472 /* Frameworks */ = {
			isa = PBXFrameworksBuildPhase;
			buildActionMask = 2147483647;
			files = (
				3C3453332621D7AD00B8176F /* Alamofire.framework in Frameworks */,
				6BE8E4E46B8267E1DA83D216 /* Pods_DinDinn.framework in Frameworks */,
			);
			runOnlyForDeploymentPostprocessing = 0;
		};
		3CBB98492620A2C900E83472 /* Frameworks */ = {
			isa = PBXFrameworksBuildPhase;
			buildActionMask = 2147483647;
			files = (
				05B6E6D9CB146208375BA515 /* Pods_DinDinnTests.framework in Frameworks */,
			);
			runOnlyForDeploymentPostprocessing = 0;
		};
		3CBB98542620A2C900E83472 /* Frameworks */ = {
			isa = PBXFrameworksBuildPhase;
			buildActionMask = 2147483647;
			files = (
				1143E432DC4D315147E229A2 /* Pods_DinDinn_DinDinnUITests.framework in Frameworks */,
			);
			runOnlyForDeploymentPostprocessing = 0;
		};
/* End PBXFrameworksBuildPhase section */

/* Begin PBXGroup section */
		3CBB982D2620A2C800E83472 = {
			isa = PBXGroup;
			children = (
				3CBB98C02620A42700E83472 /* SubPeojects */,
				3CBB98382620A2C800E83472 /* DinDinn */,
				3CBB984F2620A2C900E83472 /* DinDinnTests */,
				3CBB985A2620A2C900E83472 /* DinDinnUITests */,
				3CBB98372620A2C800E83472 /* Products */,
				467259B9B5BDEF83627FDB17 /* Pods */,
				B352D87648CE4E4EB7C6817F /* Frameworks */,
			);
			sourceTree = "<group>";
		};
		3CBB98372620A2C800E83472 /* Products */ = {
			isa = PBXGroup;
			children = (
				3CBB98362620A2C800E83472 /* DinDinn.app */,
				3CBB984C2620A2C900E83472 /* DinDinnTests.xctest */,
				3CBB98572620A2C900E83472 /* DinDinnUITests.xctest */,
			);
			name = Products;
			sourceTree = "<group>";
		};
		3CBB98382620A2C800E83472 /* DinDinn */ = {
			isa = PBXGroup;
			children = (
				3CBB9A6F2620E08D00E83472 /* Supporting Files */,
				3CBB9B372621ACED00E83472 /* Domain */,
				3CBB9A602620C78900E83472 /* Screens */,
				3CBB98392620A2C800E83472 /* AppDelegate.swift */,
				3CBB983B2620A2C800E83472 /* SceneDelegate.swift */,
				3CBB98442620A2C900E83472 /* LaunchScreen.storyboard */,
			);
			path = DinDinn;
			sourceTree = "<group>";
		};
		3CBB984F2620A2C900E83472 /* DinDinnTests */ = {
			isa = PBXGroup;
			children = (
				3CBB98502620A2C900E83472 /* DinDinnTests.swift */,
				3CBB98522620A2C900E83472 /* Info.plist */,
			);
			path = DinDinnTests;
			sourceTree = "<group>";
		};
		3CBB985A2620A2C900E83472 /* DinDinnUITests */ = {
			isa = PBXGroup;
			children = (
				3CBB985B2620A2C900E83472 /* DinDinnUITests.swift */,
				3CBB985D2620A2C900E83472 /* Info.plist */,
			);
			path = DinDinnUITests;
			sourceTree = "<group>";
		};
		3CBB98C02620A42700E83472 /* SubPeojects */ = {
			isa = PBXGroup;
			children = (
				3CBB99042620A73000E83472 /* DinDinnCore.xcodeproj */,
				3CBB98C72620A43800E83472 /* DinDinnResources.xcodeproj */,
			);
			name = SubPeojects;
			sourceTree = "<group>";
		};
		3CBB98C82620A43800E83472 /* Products */ = {
			isa = PBXGroup;
			children = (
				3CBB98CC2620A43800E83472 /* DinDinnResources.framework */,
			);
			name = Products;
			sourceTree = "<group>";
		};
		3CBB99052620A73000E83472 /* Products */ = {
			isa = PBXGroup;
			children = (
				3CBB99092620A73000E83472 /* DinDinnCore.framework */,
			);
			name = Products;
			sourceTree = "<group>";
		};
		3CBB9A602620C78900E83472 /* Screens */ = {
			isa = PBXGroup;
			children = (
				3CBB9B542621BC4100E83472 /* CartScreen */,
				3CBB9A612620C79700E83472 /* Main */,
			);
			path = Screens;
			sourceTree = "<group>";
		};
		3CBB9A612620C79700E83472 /* Main */ = {
			isa = PBXGroup;
			children = (
				3CBB983D2620A2C800E83472 /* HomeScreenViewController.swift */,
				3CBB983F2620A2C800E83472 /* Main.storyboard */,
			);
			path = Main;
			sourceTree = "<group>";
		};
		3CBB9A6F2620E08D00E83472 /* Supporting Files */ = {
			isa = PBXGroup;
			children = (
				3CBB98472620A2C900E83472 /* Info.plist */,
				3CBB9A702620E0C100E83472 /* Assets.xcassets */,
			);
			path = "Supporting Files";
			sourceTree = "<group>";
		};
		3CBB9B372621ACED00E83472 /* Domain */ = {
			isa = PBXGroup;
			children = (
				3CBB9B3A2621ACF400E83472 /* Usecases */,
			);
			path = Domain;
			sourceTree = "<group>";
		};
		3CBB9B3A2621ACF400E83472 /* Usecases */ = {
			isa = PBXGroup;
			children = (
				3CBB9B3B2621AD0E00E83472 /* AllDishesUseCase.swift */,
				3CBB9B412621AD3300E83472 /* SlidersOffersUsecase.swift */,
				3CBB9B462621BB0D00E83472 /* AddToCartUsecase.swift */,
				3CBB9B4C2621BB3000E83472 /* RemoveFromCartUsecase.swift */,
				3CBB9B502621BB8700E83472 /* SubscribeToCartUsecase.swift */,
			);
			path = Usecases;
			sourceTree = "<group>";
		};
		3CBB9B542621BC4100E83472 /* CartScreen */ = {
			isa = PBXGroup;
			children = (
				3CBB9B552621BD1900E83472 /* CartContract.swift */,
				3CBB9B562621BD1900E83472 /* CartPresenter.swift */,
				3CBB9B572621BD1900E83472 /* CartViewController.storyboard */,
				3CBB9B582621BD1900E83472 /* CartModels.swift */,
				3CBB9B592621BD1900E83472 /* CartViewController.swift */,
				3CBB9B5A2621BD1900E83472 /* CartInteractor.swift */,
				3CBB9B5B2621BD1900E83472 /* CartWireframe.swift */,
			);
			path = CartScreen;
			sourceTree = "<group>";
		};
		467259B9B5BDEF83627FDB17 /* Pods */ = {
			isa = PBXGroup;
			children = (
				EBD5BD248BA815C17C5F37C7 /* Pods-DinDinn.debug.xcconfig */,
				F0763F44FE04902EB4C3330D /* Pods-DinDinn.release.xcconfig */,
				0C4E1D0003914261D38627A4 /* Pods-DinDinn-DinDinnUITests.debug.xcconfig */,
				3DFCF4C843F74321F21B2B79 /* Pods-DinDinn-DinDinnUITests.release.xcconfig */,
				953FFF65658B1E8BE5C0500D /* Pods-DinDinnTests.debug.xcconfig */,
				4E9F2FEA27E7788E1851E520 /* Pods-DinDinnTests.release.xcconfig */,
			);
			path = Pods;
			sourceTree = "<group>";
		};
		B352D87648CE4E4EB7C6817F /* Frameworks */ = {
			isa = PBXGroup;
			children = (
				3C3453362621D7D400B8176F /* libMoya.a */,
				3C3453322621D7AD00B8176F /* Alamofire.framework */,
				2E3ED59143C6A7B006AC211C /* Pods_DinDinn.framework */,
				72EFE8D9CBF232F47ECFEAA0 /* Pods_DinDinn_DinDinnUITests.framework */,
				B9407D5660669EC64B32DCFD /* Pods_DinDinnTests.framework */,
			);
			name = Frameworks;
			sourceTree = "<group>";
		};
/* End PBXGroup section */

/* Begin PBXNativeTarget section */
		3CBB98352620A2C800E83472 /* DinDinn */ = {
			isa = PBXNativeTarget;
			buildConfigurationList = 3CBB98602620A2C900E83472 /* Build configuration list for PBXNativeTarget "DinDinn" */;
			buildPhases = (
				202083142F1802C25285694C /* [CP] Check Pods Manifest.lock */,
				3CBB98322620A2C800E83472 /* Sources */,
				3CBB98332620A2C800E83472 /* Frameworks */,
				3CBB98342620A2C800E83472 /* Resources */,
				3CBB98CD2620A44C00E83472 /* Copy subprojects */,
				6E126484BBC9DE4A70951A1C /* [CP] Embed Pods Frameworks */,
			);
			buildRules = (
			);
			dependencies = (
			);
			name = DinDinn;
			productName = DinDinn;
			productReference = 3CBB98362620A2C800E83472 /* DinDinn.app */;
			productType = "com.apple.product-type.application";
		};
		3CBB984B2620A2C900E83472 /* DinDinnTests */ = {
			isa = PBXNativeTarget;
			buildConfigurationList = 3CBB98632620A2C900E83472 /* Build configuration list for PBXNativeTarget "DinDinnTests" */;
			buildPhases = (
				19B0D6165AF0DE7DD6C1E909 /* [CP] Check Pods Manifest.lock */,
				3CBB98482620A2C900E83472 /* Sources */,
				3CBB98492620A2C900E83472 /* Frameworks */,
				3CBB984A2620A2C900E83472 /* Resources */,
			);
			buildRules = (
			);
			dependencies = (
				3CBB984E2620A2C900E83472 /* PBXTargetDependency */,
			);
			name = DinDinnTests;
			productName = DinDinnTests;
			productReference = 3CBB984C2620A2C900E83472 /* DinDinnTests.xctest */;
			productType = "com.apple.product-type.bundle.unit-test";
		};
		3CBB98562620A2C900E83472 /* DinDinnUITests */ = {
			isa = PBXNativeTarget;
			buildConfigurationList = 3CBB98662620A2C900E83472 /* Build configuration list for PBXNativeTarget "DinDinnUITests" */;
			buildPhases = (
				F15844E901BC9A8A5F74186E /* [CP] Check Pods Manifest.lock */,
				3CBB98532620A2C900E83472 /* Sources */,
				3CBB98542620A2C900E83472 /* Frameworks */,
				3CBB98552620A2C900E83472 /* Resources */,
				635AB1C98A434DA5489AF226 /* [CP] Embed Pods Frameworks */,
			);
			buildRules = (
			);
			dependencies = (
				3CBB98592620A2C900E83472 /* PBXTargetDependency */,
			);
			name = DinDinnUITests;
			productName = DinDinnUITests;
			productReference = 3CBB98572620A2C900E83472 /* DinDinnUITests.xctest */;
			productType = "com.apple.product-type.bundle.ui-testing";
		};
/* End PBXNativeTarget section */

/* Begin PBXProject section */
		3CBB982E2620A2C800E83472 /* Project object */ = {
			isa = PBXProject;
			attributes = {
				LastSwiftUpdateCheck = 1240;
				LastUpgradeCheck = 1240;
				TargetAttributes = {
					3CBB98352620A2C800E83472 = {
						CreatedOnToolsVersion = 12.4;
					};
					3CBB984B2620A2C900E83472 = {
						CreatedOnToolsVersion = 12.4;
						TestTargetID = 3CBB98352620A2C800E83472;
					};
					3CBB98562620A2C900E83472 = {
						CreatedOnToolsVersion = 12.4;
						TestTargetID = 3CBB98352620A2C800E83472;
					};
				};
			};
			buildConfigurationList = 3CBB98312620A2C800E83472 /* Build configuration list for PBXProject "DinDinn" */;
			compatibilityVersion = "Xcode 9.3";
			developmentRegion = en;
			hasScannedForEncodings = 0;
			knownRegions = (
				en,
				Base,
			);
			mainGroup = 3CBB982D2620A2C800E83472;
			productRefGroup = 3CBB98372620A2C800E83472 /* Products */;
			projectDirPath = "";
			projectReferences = (
				{
					ProductGroup = 3CBB99052620A73000E83472 /* Products */;
					ProjectRef = 3CBB99042620A73000E83472 /* DinDinnCore.xcodeproj */;
				},
				{
					ProductGroup = 3CBB98C82620A43800E83472 /* Products */;
					ProjectRef = 3CBB98C72620A43800E83472 /* DinDinnResources.xcodeproj */;
				},
			);
			projectRoot = "";
			targets = (
				3CBB98352620A2C800E83472 /* DinDinn */,
				3CBB984B2620A2C900E83472 /* DinDinnTests */,
				3CBB98562620A2C900E83472 /* DinDinnUITests */,
			);
		};
/* End PBXProject section */

/* Begin PBXReferenceProxy section */
		3CBB98CC2620A43800E83472 /* DinDinnResources.framework */ = {
			isa = PBXReferenceProxy;
			fileType = wrapper.framework;
			path = DinDinnResources.framework;
			remoteRef = 3CBB98CB2620A43800E83472 /* PBXContainerItemProxy */;
			sourceTree = BUILT_PRODUCTS_DIR;
		};
		3CBB99092620A73000E83472 /* DinDinnCore.framework */ = {
			isa = PBXReferenceProxy;
			fileType = wrapper.framework;
			path = DinDinnCore.framework;
			remoteRef = 3CBB99082620A73000E83472 /* PBXContainerItemProxy */;
			sourceTree = BUILT_PRODUCTS_DIR;
		};
/* End PBXReferenceProxy section */

/* Begin PBXResourcesBuildPhase section */
		3CBB98342620A2C800E83472 /* Resources */ = {
			isa = PBXResourcesBuildPhase;
			buildActionMask = 2147483647;
			files = (
				3CBB98462620A2C900E83472 /* LaunchScreen.storyboard in Resources */,
				3CBB9B5E2621BD1900E83472 /* CartViewController.storyboard in Resources */,
				3CBB9A712620E0C100E83472 /* Assets.xcassets in Resources */,
				3CBB98412620A2C800E83472 /* Main.storyboard in Resources */,
			);
			runOnlyForDeploymentPostprocessing = 0;
		};
		3CBB984A2620A2C900E83472 /* Resources */ = {
			isa = PBXResourcesBuildPhase;
			buildActionMask = 2147483647;
			files = (
			);
			runOnlyForDeploymentPostprocessing = 0;
		};
		3CBB98552620A2C900E83472 /* Resources */ = {
			isa = PBXResourcesBuildPhase;
			buildActionMask = 2147483647;
			files = (
			);
			runOnlyForDeploymentPostprocessing = 0;
		};
/* End PBXResourcesBuildPhase section */

/* Begin PBXShellScriptBuildPhase section */
		19B0D6165AF0DE7DD6C1E909 /* [CP] Check Pods Manifest.lock */ = {
			isa = PBXShellScriptBuildPhase;
			buildActionMask = 2147483647;
			files = (
			);
			inputFileListPaths = (
			);
			inputPaths = (
				"${PODS_PODFILE_DIR_PATH}/Podfile.lock",
				"${PODS_ROOT}/Manifest.lock",
			);
			name = "[CP] Check Pods Manifest.lock";
			outputFileListPaths = (
			);
			outputPaths = (
				"$(DERIVED_FILE_DIR)/Pods-DinDinnTests-checkManifestLockResult.txt",
			);
			runOnlyForDeploymentPostprocessing = 0;
			shellPath = /bin/sh;
			shellScript = "diff \"${PODS_PODFILE_DIR_PATH}/Podfile.lock\" \"${PODS_ROOT}/Manifest.lock\" > /dev/null\nif [ $? != 0 ] ; then\n    # print error to STDERR\n    echo \"error: The sandbox is not in sync with the Podfile.lock. Run 'pod install' or update your CocoaPods installation.\" >&2\n    exit 1\nfi\n# This output is used by Xcode 'outputs' to avoid re-running this script phase.\necho \"SUCCESS\" > \"${SCRIPT_OUTPUT_FILE_0}\"\n";
			showEnvVarsInLog = 0;
		};
		202083142F1802C25285694C /* [CP] Check Pods Manifest.lock */ = {
			isa = PBXShellScriptBuildPhase;
			buildActionMask = 2147483647;
			files = (
			);
			inputFileListPaths = (
			);
			inputPaths = (
				"${PODS_PODFILE_DIR_PATH}/Podfile.lock",
				"${PODS_ROOT}/Manifest.lock",
			);
			name = "[CP] Check Pods Manifest.lock";
			outputFileListPaths = (
			);
			outputPaths = (
				"$(DERIVED_FILE_DIR)/Pods-DinDinn-checkManifestLockResult.txt",
			);
			runOnlyForDeploymentPostprocessing = 0;
			shellPath = /bin/sh;
			shellScript = "diff \"${PODS_PODFILE_DIR_PATH}/Podfile.lock\" \"${PODS_ROOT}/Manifest.lock\" > /dev/null\nif [ $? != 0 ] ; then\n    # print error to STDERR\n    echo \"error: The sandbox is not in sync with the Podfile.lock. Run 'pod install' or update your CocoaPods installation.\" >&2\n    exit 1\nfi\n# This output is used by Xcode 'outputs' to avoid re-running this script phase.\necho \"SUCCESS\" > \"${SCRIPT_OUTPUT_FILE_0}\"\n";
			showEnvVarsInLog = 0;
		};
		635AB1C98A434DA5489AF226 /* [CP] Embed Pods Frameworks */ = {
			isa = PBXShellScriptBuildPhase;
			buildActionMask = 2147483647;
			files = (
			);
			inputFileListPaths = (
				"${PODS_ROOT}/Target Support Files/Pods-DinDinn-DinDinnUITests/Pods-DinDinn-DinDinnUITests-frameworks-${CONFIGURATION}-input-files.xcfilelist",
			);
			name = "[CP] Embed Pods Frameworks";
			outputFileListPaths = (
				"${PODS_ROOT}/Target Support Files/Pods-DinDinn-DinDinnUITests/Pods-DinDinn-DinDinnUITests-frameworks-${CONFIGURATION}-output-files.xcfilelist",
			);
			runOnlyForDeploymentPostprocessing = 0;
			shellPath = /bin/sh;
			shellScript = "\"${PODS_ROOT}/Target Support Files/Pods-DinDinn-DinDinnUITests/Pods-DinDinn-DinDinnUITests-frameworks.sh\"\n";
			showEnvVarsInLog = 0;
		};
		6E126484BBC9DE4A70951A1C /* [CP] Embed Pods Frameworks */ = {
			isa = PBXShellScriptBuildPhase;
			buildActionMask = 2147483647;
			files = (
			);
			inputFileListPaths = (
				"${PODS_ROOT}/Target Support Files/Pods-DinDinn/Pods-DinDinn-frameworks-${CONFIGURATION}-input-files.xcfilelist",
			);
			name = "[CP] Embed Pods Frameworks";
			outputFileListPaths = (
				"${PODS_ROOT}/Target Support Files/Pods-DinDinn/Pods-DinDinn-frameworks-${CONFIGURATION}-output-files.xcfilelist",
			);
			runOnlyForDeploymentPostprocessing = 0;
			shellPath = /bin/sh;
			shellScript = "\"${PODS_ROOT}/Target Support Files/Pods-DinDinn/Pods-DinDinn-frameworks.sh\"\n";
			showEnvVarsInLog = 0;
		};
		F15844E901BC9A8A5F74186E /* [CP] Check Pods Manifest.lock */ = {
			isa = PBXShellScriptBuildPhase;
			buildActionMask = 2147483647;
			files = (
			);
			inputFileListPaths = (
			);
			inputPaths = (
				"${PODS_PODFILE_DIR_PATH}/Podfile.lock",
				"${PODS_ROOT}/Manifest.lock",
			);
			name = "[CP] Check Pods Manifest.lock";
			outputFileListPaths = (
			);
			outputPaths = (
				"$(DERIVED_FILE_DIR)/Pods-DinDinn-DinDinnUITests-checkManifestLockResult.txt",
			);
			runOnlyForDeploymentPostprocessing = 0;
			shellPath = /bin/sh;
			shellScript = "diff \"${PODS_PODFILE_DIR_PATH}/Podfile.lock\" \"${PODS_ROOT}/Manifest.lock\" > /dev/null\nif [ $? != 0 ] ; then\n    # print error to STDERR\n    echo \"error: The sandbox is not in sync with the Podfile.lock. Run 'pod install' or update your CocoaPods installation.\" >&2\n    exit 1\nfi\n# This output is used by Xcode 'outputs' to avoid re-running this script phase.\necho \"SUCCESS\" > \"${SCRIPT_OUTPUT_FILE_0}\"\n";
			showEnvVarsInLog = 0;
		};
/* End PBXShellScriptBuildPhase section */

/* Begin PBXSourcesBuildPhase section */
		3CBB98322620A2C800E83472 /* Sources */ = {
			isa = PBXSourcesBuildPhase;
			buildActionMask = 2147483647;
			files = (
				3CBB9B5F2621BD1900E83472 /* CartModels.swift in Sources */,
				3CBB983E2620A2C800E83472 /* HomeScreenViewController.swift in Sources */,
				3CBB983A2620A2C800E83472 /* AppDelegate.swift in Sources */,
				3CBB9B472621BB0D00E83472 /* AddToCartUsecase.swift in Sources */,
				3CBB9B602621BD1900E83472 /* CartViewController.swift in Sources */,
				3CBB9B422621AD3300E83472 /* SlidersOffersUsecase.swift in Sources */,
				3CBB983C2620A2C800E83472 /* SceneDelegate.swift in Sources */,
				3CBB9B5C2621BD1900E83472 /* CartContract.swift in Sources */,
				3CBB9B5D2621BD1900E83472 /* CartPresenter.swift in Sources */,
				3CBB9B4D2621BB3000E83472 /* RemoveFromCartUsecase.swift in Sources */,
				3CBB9B622621BD1900E83472 /* CartWireframe.swift in Sources */,
				3CBB9B612621BD1900E83472 /* CartInteractor.swift in Sources */,
				3CBB9B3C2621AD0E00E83472 /* AllDishesUseCase.swift in Sources */,
				3CBB9B512621BB8700E83472 /* SubscribeToCartUsecase.swift in Sources */,
			);
			runOnlyForDeploymentPostprocessing = 0;
		};
		3CBB98482620A2C900E83472 /* Sources */ = {
			isa = PBXSourcesBuildPhase;
			buildActionMask = 2147483647;
			files = (
				3CBB98512620A2C900E83472 /* DinDinnTests.swift in Sources */,
			);
			runOnlyForDeploymentPostprocessing = 0;
		};
		3CBB98532620A2C900E83472 /* Sources */ = {
			isa = PBXSourcesBuildPhase;
			buildActionMask = 2147483647;
			files = (
				3CBB985C2620A2C900E83472 /* DinDinnUITests.swift in Sources */,
			);
			runOnlyForDeploymentPostprocessing = 0;
		};
/* End PBXSourcesBuildPhase section */

/* Begin PBXTargetDependency section */
		3CBB984E2620A2C900E83472 /* PBXTargetDependency */ = {
			isa = PBXTargetDependency;
			target = 3CBB98352620A2C800E83472 /* DinDinn */;
			targetProxy = 3CBB984D2620A2C900E83472 /* PBXContainerItemProxy */;
		};
		3CBB98592620A2C900E83472 /* PBXTargetDependency */ = {
			isa = PBXTargetDependency;
			target = 3CBB98352620A2C800E83472 /* DinDinn */;
			targetProxy = 3CBB98582620A2C900E83472 /* PBXContainerItemProxy */;
		};
/* End PBXTargetDependency section */

/* Begin PBXVariantGroup section */
		3CBB983F2620A2C800E83472 /* Main.storyboard */ = {
			isa = PBXVariantGroup;
			children = (
				3CBB98402620A2C800E83472 /* Base */,
			);
			name = Main.storyboard;
			sourceTree = "<group>";
		};
		3CBB98442620A2C900E83472 /* LaunchScreen.storyboard */ = {
			isa = PBXVariantGroup;
			children = (
				3CBB98452620A2C900E83472 /* Base */,
			);
			name = LaunchScreen.storyboard;
			sourceTree = "<group>";
		};
/* End PBXVariantGroup section */

/* Begin XCBuildConfiguration section */
		3CBB985E2620A2C900E83472 /* Debug */ = {
			isa = XCBuildConfiguration;
			buildSettings = {
				ALWAYS_SEARCH_USER_PATHS = NO;
				CLANG_ANALYZER_NONNULL = YES;
				CLANG_ANALYZER_NUMBER_OBJECT_CONVERSION = YES_AGGRESSIVE;
				CLANG_CXX_LANGUAGE_STANDARD = "gnu++14";
				CLANG_CXX_LIBRARY = "libc++";
				CLANG_ENABLE_MODULES = YES;
				CLANG_ENABLE_OBJC_ARC = YES;
				CLANG_ENABLE_OBJC_WEAK = YES;
				CLANG_WARN_BLOCK_CAPTURE_AUTORELEASING = YES;
				CLANG_WARN_BOOL_CONVERSION = YES;
				CLANG_WARN_COMMA = YES;
				CLANG_WARN_CONSTANT_CONVERSION = YES;
				CLANG_WARN_DEPRECATED_OBJC_IMPLEMENTATIONS = YES;
				CLANG_WARN_DIRECT_OBJC_ISA_USAGE = YES_ERROR;
				CLANG_WARN_DOCUMENTATION_COMMENTS = YES;
				CLANG_WARN_EMPTY_BODY = YES;
				CLANG_WARN_ENUM_CONVERSION = YES;
				CLANG_WARN_INFINITE_RECURSION = YES;
				CLANG_WARN_INT_CONVERSION = YES;
				CLANG_WARN_NON_LITERAL_NULL_CONVERSION = YES;
				CLANG_WARN_OBJC_IMPLICIT_RETAIN_SELF = YES;
				CLANG_WARN_OBJC_LITERAL_CONVERSION = YES;
				CLANG_WARN_OBJC_ROOT_CLASS = YES_ERROR;
				CLANG_WARN_QUOTED_INCLUDE_IN_FRAMEWORK_HEADER = YES;
				CLANG_WARN_RANGE_LOOP_ANALYSIS = YES;
				CLANG_WARN_STRICT_PROTOTYPES = YES;
				CLANG_WARN_SUSPICIOUS_MOVE = YES;
				CLANG_WARN_UNGUARDED_AVAILABILITY = YES_AGGRESSIVE;
				CLANG_WARN_UNREACHABLE_CODE = YES;
				CLANG_WARN__DUPLICATE_METHOD_MATCH = YES;
				COPY_PHASE_STRIP = NO;
				DEBUG_INFORMATION_FORMAT = dwarf;
				ENABLE_STRICT_OBJC_MSGSEND = YES;
				ENABLE_TESTABILITY = YES;
				GCC_C_LANGUAGE_STANDARD = gnu11;
				GCC_DYNAMIC_NO_PIC = NO;
				GCC_NO_COMMON_BLOCKS = YES;
				GCC_OPTIMIZATION_LEVEL = 0;
				GCC_PREPROCESSOR_DEFINITIONS = (
					"DEBUG=1",
					"$(inherited)",
				);
				GCC_WARN_64_TO_32_BIT_CONVERSION = YES;
				GCC_WARN_ABOUT_RETURN_TYPE = YES_ERROR;
				GCC_WARN_UNDECLARED_SELECTOR = YES;
				GCC_WARN_UNINITIALIZED_AUTOS = YES_AGGRESSIVE;
				GCC_WARN_UNUSED_FUNCTION = YES;
				GCC_WARN_UNUSED_VARIABLE = YES;
				IPHONEOS_DEPLOYMENT_TARGET = 13.0;
				MTL_ENABLE_DEBUG_INFO = INCLUDE_SOURCE;
				MTL_FAST_MATH = YES;
				ONLY_ACTIVE_ARCH = YES;
				SDKROOT = iphoneos;
				SWIFT_ACTIVE_COMPILATION_CONDITIONS = DEBUG;
				SWIFT_OPTIMIZATION_LEVEL = "-Onone";
			};
			name = Debug;
		};
		3CBB985F2620A2C900E83472 /* Release */ = {
			isa = XCBuildConfiguration;
			buildSettings = {
				ALWAYS_SEARCH_USER_PATHS = NO;
				CLANG_ANALYZER_NONNULL = YES;
				CLANG_ANALYZER_NUMBER_OBJECT_CONVERSION = YES_AGGRESSIVE;
				CLANG_CXX_LANGUAGE_STANDARD = "gnu++14";
				CLANG_CXX_LIBRARY = "libc++";
				CLANG_ENABLE_MODULES = YES;
				CLANG_ENABLE_OBJC_ARC = YES;
				CLANG_ENABLE_OBJC_WEAK = YES;
				CLANG_WARN_BLOCK_CAPTURE_AUTORELEASING = YES;
				CLANG_WARN_BOOL_CONVERSION = YES;
				CLANG_WARN_COMMA = YES;
				CLANG_WARN_CONSTANT_CONVERSION = YES;
				CLANG_WARN_DEPRECATED_OBJC_IMPLEMENTATIONS = YES;
				CLANG_WARN_DIRECT_OBJC_ISA_USAGE = YES_ERROR;
				CLANG_WARN_DOCUMENTATION_COMMENTS = YES;
				CLANG_WARN_EMPTY_BODY = YES;
				CLANG_WARN_ENUM_CONVERSION = YES;
				CLANG_WARN_INFINITE_RECURSION = YES;
				CLANG_WARN_INT_CONVERSION = YES;
				CLANG_WARN_NON_LITERAL_NULL_CONVERSION = YES;
				CLANG_WARN_OBJC_IMPLICIT_RETAIN_SELF = YES;
				CLANG_WARN_OBJC_LITERAL_CONVERSION = YES;
				CLANG_WARN_OBJC_ROOT_CLASS = YES_ERROR;
				CLANG_WARN_QUOTED_INCLUDE_IN_FRAMEWORK_HEADER = YES;
				CLANG_WARN_RANGE_LOOP_ANALYSIS = YES;
				CLANG_WARN_STRICT_PROTOTYPES = YES;
				CLANG_WARN_SUSPICIOUS_MOVE = YES;
				CLANG_WARN_UNGUARDED_AVAILABILITY = YES_AGGRESSIVE;
				CLANG_WARN_UNREACHABLE_CODE = YES;
				CLANG_WARN__DUPLICATE_METHOD_MATCH = YES;
				COPY_PHASE_STRIP = NO;
				DEBUG_INFORMATION_FORMAT = "dwarf-with-dsym";
				ENABLE_NS_ASSERTIONS = NO;
				ENABLE_STRICT_OBJC_MSGSEND = YES;
				GCC_C_LANGUAGE_STANDARD = gnu11;
				GCC_NO_COMMON_BLOCKS = YES;
				GCC_WARN_64_TO_32_BIT_CONVERSION = YES;
				GCC_WARN_ABOUT_RETURN_TYPE = YES_ERROR;
				GCC_WARN_UNDECLARED_SELECTOR = YES;
				GCC_WARN_UNINITIALIZED_AUTOS = YES_AGGRESSIVE;
				GCC_WARN_UNUSED_FUNCTION = YES;
				GCC_WARN_UNUSED_VARIABLE = YES;
				IPHONEOS_DEPLOYMENT_TARGET = 13.0;
				MTL_ENABLE_DEBUG_INFO = NO;
				MTL_FAST_MATH = YES;
				SDKROOT = iphoneos;
				SWIFT_COMPILATION_MODE = wholemodule;
				SWIFT_OPTIMIZATION_LEVEL = "-O";
				VALIDATE_PRODUCT = YES;
			};
			name = Release;
		};
		3CBB98612620A2C900E83472 /* Debug */ = {
			isa = XCBuildConfiguration;
			baseConfigurationReference = EBD5BD248BA815C17C5F37C7 /* Pods-DinDinn.debug.xcconfig */;
			buildSettings = {
				ASSETCATALOG_COMPILER_APPICON_NAME = AppIcon;
				ASSETCATALOG_COMPILER_GLOBAL_ACCENT_COLOR_NAME = AccentColor;
				CODE_SIGN_STYLE = Automatic;
				INFOPLIST_FILE = "DinDinn/Supporting Files/Info.plist";
				LD_RUNPATH_SEARCH_PATHS = (
					"$(inherited)",
					"@executable_path/Frameworks",
				);
				PRODUCT_BUNDLE_IDENTIFIER = com.mahmoud.DinDinn;
				PRODUCT_NAME = "$(TARGET_NAME)";
				SWIFT_VERSION = 5.0;
				TARGETED_DEVICE_FAMILY = 1;
			};
			name = Debug;
		};
		3CBB98622620A2C900E83472 /* Release */ = {
			isa = XCBuildConfiguration;
			baseConfigurationReference = F0763F44FE04902EB4C3330D /* Pods-DinDinn.release.xcconfig */;
			buildSettings = {
				ASSETCATALOG_COMPILER_APPICON_NAME = AppIcon;
				ASSETCATALOG_COMPILER_GLOBAL_ACCENT_COLOR_NAME = AccentColor;
				CODE_SIGN_STYLE = Automatic;
				INFOPLIST_FILE = "DinDinn/Supporting Files/Info.plist";
				LD_RUNPATH_SEARCH_PATHS = (
					"$(inherited)",
					"@executable_path/Frameworks",
				);
				PRODUCT_BUNDLE_IDENTIFIER = com.mahmoud.DinDinn;
				PRODUCT_NAME = "$(TARGET_NAME)";
				SWIFT_VERSION = 5.0;
				TARGETED_DEVICE_FAMILY = 1;
			};
			name = Release;
		};
		3CBB98642620A2C900E83472 /* Debug */ = {
			isa = XCBuildConfiguration;
			baseConfigurationReference = 953FFF65658B1E8BE5C0500D /* Pods-DinDinnTests.debug.xcconfig */;
			buildSettings = {
				ALWAYS_EMBED_SWIFT_STANDARD_LIBRARIES = YES;
				BUNDLE_LOADER = "$(TEST_HOST)";
				CODE_SIGN_STYLE = Automatic;
				INFOPLIST_FILE = DinDinnTests/Info.plist;
				IPHONEOS_DEPLOYMENT_TARGET = 14.4;
				LD_RUNPATH_SEARCH_PATHS = (
					"$(inherited)",
					"@executable_path/Frameworks",
					"@loader_path/Frameworks",
				);
				OTHER_SWIFT_FLAGS = "$(inherited)";
				PRODUCT_BUNDLE_IDENTIFIER = com.mahmoud.DinDinnTests;
				PRODUCT_NAME = "$(TARGET_NAME)";
				SWIFT_VERSION = 5.0;
				TARGETED_DEVICE_FAMILY = "1,2";
				TEST_HOST = "$(BUILT_PRODUCTS_DIR)/DinDinn.app/DinDinn";
			};
			name = Debug;
		};
		3CBB98652620A2C900E83472 /* Release */ = {
			isa = XCBuildConfiguration;
			baseConfigurationReference = 4E9F2FEA27E7788E1851E520 /* Pods-DinDinnTests.release.xcconfig */;
			buildSettings = {
				ALWAYS_EMBED_SWIFT_STANDARD_LIBRARIES = YES;
				BUNDLE_LOADER = "$(TEST_HOST)";
				CODE_SIGN_STYLE = Automatic;
				INFOPLIST_FILE = DinDinnTests/Info.plist;
				IPHONEOS_DEPLOYMENT_TARGET = 14.4;
				LD_RUNPATH_SEARCH_PATHS = (
					"$(inherited)",
					"@executable_path/Frameworks",
					"@loader_path/Frameworks",
				);
				OTHER_SWIFT_FLAGS = "$(inherited)";
				PRODUCT_BUNDLE_IDENTIFIER = com.mahmoud.DinDinnTests;
				PRODUCT_NAME = "$(TARGET_NAME)";
				SWIFT_VERSION = 5.0;
				TARGETED_DEVICE_FAMILY = "1,2";
				TEST_HOST = "$(BUILT_PRODUCTS_DIR)/DinDinn.app/DinDinn";
			};
			name = Release;
		};
		3CBB98672620A2C900E83472 /* Debug */ = {
			isa = XCBuildConfiguration;
			baseConfigurationReference = 0C4E1D0003914261D38627A4 /* Pods-DinDinn-DinDinnUITests.debug.xcconfig */;
			buildSettings = {
				ALWAYS_EMBED_SWIFT_STANDARD_LIBRARIES = YES;
				CODE_SIGN_STYLE = Automatic;
				INFOPLIST_FILE = DinDinnUITests/Info.plist;
				LD_RUNPATH_SEARCH_PATHS = (
					"$(inherited)",
					"@executable_path/Frameworks",
					"@loader_path/Frameworks",
				);
				PRODUCT_BUNDLE_IDENTIFIER = com.mahmoud.DinDinnUITests;
				PRODUCT_NAME = "$(TARGET_NAME)";
				SWIFT_VERSION = 5.0;
				TARGETED_DEVICE_FAMILY = "1,2";
				TEST_TARGET_NAME = DinDinn;
			};
			name = Debug;
		};
		3CBB98682620A2C900E83472 /* Release */ = {
			isa = XCBuildConfiguration;
			baseConfigurationReference = 3DFCF4C843F74321F21B2B79 /* Pods-DinDinn-DinDinnUITests.release.xcconfig */;
			buildSettings = {
				ALWAYS_EMBED_SWIFT_STANDARD_LIBRARIES = YES;
				CODE_SIGN_STYLE = Automatic;
				INFOPLIST_FILE = DinDinnUITests/Info.plist;
				LD_RUNPATH_SEARCH_PATHS = (
					"$(inherited)",
					"@executable_path/Frameworks",
					"@loader_path/Frameworks",
				);
				PRODUCT_BUNDLE_IDENTIFIER = com.mahmoud.DinDinnUITests;
				PRODUCT_NAME = "$(TARGET_NAME)";
				SWIFT_VERSION = 5.0;
				TARGETED_DEVICE_FAMILY = "1,2";
				TEST_TARGET_NAME = DinDinn;
			};
			name = Release;
		};
/* End XCBuildConfiguration section */

/* Begin XCConfigurationList section */
		3CBB98312620A2C800E83472 /* Build configuration list for PBXProject "DinDinn" */ = {
			isa = XCConfigurationList;
			buildConfigurations = (
				3CBB985E2620A2C900E83472 /* Debug */,
				3CBB985F2620A2C900E83472 /* Release */,
			);
			defaultConfigurationIsVisible = 0;
			defaultConfigurationName = Release;
		};
		3CBB98602620A2C900E83472 /* Build configuration list for PBXNativeTarget "DinDinn" */ = {
			isa = XCConfigurationList;
			buildConfigurations = (
				3CBB98612620A2C900E83472 /* Debug */,
				3CBB98622620A2C900E83472 /* Release */,
			);
			defaultConfigurationIsVisible = 0;
			defaultConfigurationName = Release;
		};
		3CBB98632620A2C900E83472 /* Build configuration list for PBXNativeTarget "DinDinnTests" */ = {
			isa = XCConfigurationList;
			buildConfigurations = (
				3CBB98642620A2C900E83472 /* Debug */,
				3CBB98652620A2C900E83472 /* Release */,
			);
			defaultConfigurationIsVisible = 0;
			defaultConfigurationName = Release;
		};
		3CBB98662620A2C900E83472 /* Build configuration list for PBXNativeTarget "DinDinnUITests" */ = {
			isa = XCConfigurationList;
			buildConfigurations = (
				3CBB98672620A2C900E83472 /* Debug */,
				3CBB98682620A2C900E83472 /* Release */,
			);
			defaultConfigurationIsVisible = 0;
			defaultConfigurationName = Release;
		};
/* End XCConfigurationList section */
	};
	rootObject = 3CBB982E2620A2C800E83472 /* Project object */;
}
